
Microsoft Visual Studio Solution File, Format Version 12.00
# Visual Studio Version 16
VisualStudioVersion = 25.0.1705.6
MinimumVisualStudioVersion = 10.0.40219.1
Project("{FAE04EC0-301F-11D3-BF4B-00C04F79EFBC}") = "MVC_Project", "MVC_Project\MVC_Project.csproj", "{28991A3C-F3FA-4DA8-8481-2AD498789BA3}"
EndProject
Global
	GlobalSection(SolutionConfigurationPlatforms) = preSolution
		Debug|Any CPU = Debug|Any CPU
		Release|Any CPU = Release|Any CPU
	EndGlobalSection
	GlobalSection(ProjectConfigurationPlatforms) = postSolution
		{28991A3C-F3FA-4DA8-8481-2AD498789BA3}.Debug|Any CPU.ActiveCfg = Debug|Any CPU
		{28991A3C-F3FA-4DA8-8481-2AD498789BA3}.Debug|Any CPU.Build.0 = Debug|Any CPU
		{28991A3C-F3FA-4DA8-8481-2AD498789BA3}.Release|Any CPU.ActiveCfg = Release|Any CPU
		{28991A3C-F3FA-4DA8-8481-2AD498789BA3}.Release|Any CPU.Build.0 = Release|Any CPU
	EndGlobalSection
	GlobalSection(SolutionProperties) = preSolution
		HideSolutionNode = FALSE
	EndGlobalSection
	GlobalSection(ExtensibilityGlobals) = postSolution
		SolutionGuid = {5AFB6BE8-EE4F-433F-8697-1CA5B5CE4284}
	EndGlobalSection
EndGlobal
